<Solution>
  <Project Path="REmind.ChartCore.csproj" />
  <Project Path="REmind.Gameplay.csproj" />
  <Project Path="REmind.Common.csproj" />
  <Project Path="REmind.ChartMaker.csproj" />
  <Project Path="Assembly-CSharp-Editor.csproj" />
  <Project Path="REmind.NoteRules.csproj" />
  <Project Path="REmind.EffectIntegration.Tests.csproj" />
  <Project Path="REmind.ChartCore.Tests.csproj" />
  <Project Path="REmind.Presentation.csproj" />
  <Project Path="Assembly-CSharp.csproj" />
</Solution>
